
Microsoft Visual Studio Solution File, Format Version 12.00
# Visual Studio Version 17
VisualStudioVersion = 17.6.33829.357
MinimumVisualStudioVersion = 10.0.40219.1
Project("{FAE04EC0-301F-11D3-BF4B-00C04F79EFBC}") = "Vetor", "Vetor.csproj", "{8F802D6F-4D7E-4DFE-AE3D-E7766CEB98FF}"
EndProject
Global
	GlobalSection(SolutionConfigurationPlatforms) = preSolution
		Debug|Any CPU = Debug|Any CPU
		Release|Any CPU = Release|Any CPU
	EndGlobalSection
	GlobalSection(ProjectConfigurationPlatforms) = postSolution
		{8F802D6F-4D7E-4DFE-AE3D-E7766CEB98FF}.Debug|Any CPU.ActiveCfg = Debug|Any CPU
		{8F802D6F-4D7E-4DFE-AE3D-E7766CEB98FF}.Debug|Any CPU.Build.0 = Debug|Any CPU
		{8F802D6F-4D7E-4DFE-AE3D-E7766CEB98FF}.Release|Any CPU.ActiveCfg = Release|Any CPU
		{8F802D6F-4D7E-4DFE-AE3D-E7766CEB98FF}.Release|Any CPU.Build.0 = Release|Any CPU
	EndGlobalSection
	GlobalSection(SolutionProperties) = preSolution
		HideSolutionNode = FALSE
	EndGlobalSection
	GlobalSection(ExtensibilityGlobals) = postSolution
		SolutionGuid = {83B822F3-59B0-4C11-86E5-235FFA4E105C}
	EndGlobalSection
EndGlobal
